
Microsoft Visual Studio Solution File, Format Version 12.00
# Visual Studio 15
VisualStudioVersion = 15.0.26730.15
MinimumVisualStudioVersion = 14.0.23107.0
Project("{2150E333-8FDC-42A3-9474-1A3956D46DE8}") = "XenkoToolkit.Samples", "XenkoToolkit.Samples", "{5E5453C9-C69B-469F-8A98-222C5417D11C}"
	ProjectSection(SiliconStudioPackage) = preProject
		XenkoToolkit.Samples/XenkoToolkit.Samples.xkpkg = XenkoToolkit.Samples/XenkoToolkit.Samples.xkpkg
	EndProjectSection
EndProject
Project("{FAE04EC0-301F-11D3-BF4B-00C04F79EFBC}") = "XenkoToolkit.Samples.Windows", "XenkoToolkit.Samples\XenkoToolkit.Samples.Windows\XenkoToolkit.Samples.Windows.csproj", "{0EBECDA4-28C5-40FC-9CC9-93C3567219EC}"
EndProject
Project("{FAE04EC0-301F-11D3-BF4B-00C04F79EFBC}") = "XenkoToolkit.Samples.Game", "XenkoToolkit.Samples\XenkoToolkit.Samples.Game\XenkoToolkit.Samples.Game.csproj", "{BD367729-7FE9-42D8-84D9-E980BAFD6374}"
	ProjectSection(ProjectDependencies) = postProject
		{32AE5BF6-59F6-454F-93F5-57F60F194971} = {32AE5BF6-59F6-454F-93F5-57F60F194971}
	EndProjectSection
EndProject
Project("{FAE04EC0-301F-11D3-BF4B-00C04F79EFBC}") = "XenkoToolkit", "XenkoToolkit\XenkoToolkit.csproj", "{32AE5BF6-59F6-454F-93F5-57F60F194971}"
EndProject
Project("{2150E333-8FDC-42A3-9474-1A3956D46DE8}") = "Documents", "Documents", "{3202ED98-1236-43D3-9B6F-BB736C984EB5}"
	ProjectSection(SolutionItems) = preProject
		..\README.MD = ..\README.MD
	EndProjectSection
EndProject
Global
	GlobalSection(SolutionConfigurationPlatforms) = preSolution
		AppStore|Any CPU = AppStore|Any CPU
		AppStore|Mixed Platforms = AppStore|Mixed Platforms
		AppStore|Windows = AppStore|Windows
		CoreCLR_Debug|Any CPU = CoreCLR_Debug|Any CPU
		CoreCLR_Debug|Mixed Platforms = CoreCLR_Debug|Mixed Platforms
		CoreCLR_Debug|Windows = CoreCLR_Debug|Windows
		CoreCLR_Release|Any CPU = CoreCLR_Release|Any CPU
		CoreCLR_Release|Mixed Platforms = CoreCLR_Release|Mixed Platforms
		CoreCLR_Release|Windows = CoreCLR_Release|Windows
		Debug|Any CPU = Debug|Any CPU
		Debug|Mixed Platforms = Debug|Mixed Platforms
		Debug|Windows = Debug|Windows
		Release|Any CPU = Release|Any CPU
		Release|Mixed Platforms = Release|Mixed Platforms
		Release|Windows = Release|Windows
		Testing|Any CPU = Testing|Any CPU
		Testing|Mixed Platforms = Testing|Mixed Platforms
		Testing|Windows = Testing|Windows
	EndGlobalSection
	GlobalSection(ProjectConfigurationPlatforms) = postSolution
		{0EBECDA4-28C5-40FC-9CC9-93C3567219EC}.AppStore|Any CPU.ActiveCfg = AppStore|Any CPU
		{0EBECDA4-28C5-40FC-9CC9-93C3567219EC}.AppStore|Any CPU.Build.0 = AppStore|Any CPU
		{0EBECDA4-28C5-40FC-9CC9-93C3567219EC}.AppStore|Any CPU.Deploy.0 = AppStore|Any CPU
		{0EBECDA4-28C5-40FC-9CC9-93C3567219EC}.AppStore|Mixed Platforms.ActiveCfg = AppStore|Any CPU
		{0EBECDA4-28C5-40FC-9CC9-93C3567219EC}.AppStore|Mixed Platforms.Build.0 = AppStore|Any CPU
		{0EBECDA4-28C5-40FC-9CC9-93C3567219EC}.AppStore|Mixed Platforms.Deploy.0 = AppStore|Any CPU
		{0EBECDA4-28C5-40FC-9CC9-93C3567219EC}.AppStore|Windows.ActiveCfg = AppStore|Any CPU
		{0EBECDA4-28C5-40FC-9CC9-93C3567219EC}.AppStore|Windows.Build.0 = AppStore|Any CPU
		{0EBECDA4-28C5-40FC-9CC9-93C3567219EC}.AppStore|Windows.Deploy.0 = AppStore|Any CPU
		{0EBECDA4-28C5-40FC-9CC9-93C3567219EC}.CoreCLR_Debug|Any CPU.ActiveCfg = CoreCLR_Debug|Any CPU
		{0EBECDA4-28C5-40FC-9CC9-93C3567219EC}.CoreCLR_Debug|Any CPU.Build.0 = CoreCLR_Debug|Any CPU
		{0EBECDA4-28C5-40FC-9CC9-93C3567219EC}.CoreCLR_Debug|Any CPU.Deploy.0 = CoreCLR_Debug|Any CPU
		{0EBECDA4-28C5-40FC-9CC9-93C3567219EC}.CoreCLR_Debug|Mixed Platforms.ActiveCfg = CoreCLR_Debug|Any CPU
		{0EBECDA4-28C5-40FC-9CC9-93C3567219EC}.CoreCLR_Debug|Mixed Platforms.Build.0 = CoreCLR_Debug|Any CPU
		{0EBECDA4-28C5-40FC-9CC9-93C3567219EC}.CoreCLR_Debug|Mixed Platforms.Deploy.0 = CoreCLR_Debug|Any CPU
		{0EBECDA4-28C5-40FC-9CC9-93C3567219EC}.CoreCLR_Debug|Windows.ActiveCfg = CoreCLR_Debug|Any CPU
		{0EBECDA4-28C5-40FC-9CC9-93C3567219EC}.CoreCLR_Debug|Windows.Build.0 = CoreCLR_Debug|Any CPU
		{0EBECDA4-28C5-40FC-9CC9-93C3567219EC}.CoreCLR_Debug|Windows.Deploy.0 = CoreCLR_Debug|Any CPU
		{0EBECDA4-28C5-40FC-9CC9-93C3567219EC}.CoreCLR_Release|Any CPU.ActiveCfg = CoreCLR_Release|Any CPU
		{0EBECDA4-28C5-40FC-9CC9-93C3567219EC}.CoreCLR_Release|Any CPU.Build.0 = CoreCLR_Release|Any CPU
		{0EBECDA4-28C5-40FC-9CC9-93C3567219EC}.CoreCLR_Release|Any CPU.Deploy.0 = CoreCLR_Release|Any CPU
		{0EBECDA4-28C5-40FC-9CC9-93C3567219EC}.CoreCLR_Release|Mixed Platforms.ActiveCfg = CoreCLR_Release|Any CPU
		{0EBECDA4-28C5-40FC-9CC9-93C3567219EC}.CoreCLR_Release|Mixed Platforms.Build.0 = CoreCLR_Release|Any CPU
		{0EBECDA4-28C5-40FC-9CC9-93C3567219EC}.CoreCLR_Release|Mixed Platforms.Deploy.0 = CoreCLR_Release|Any CPU
		{0EBECDA4-28C5-40FC-9CC9-93C3567219EC}.CoreCLR_Release|Windows.ActiveCfg = CoreCLR_Release|Any CPU
		{0EBECDA4-28C5-40FC-9CC9-93C3567219EC}.CoreCLR_Release|Windows.Build.0 = CoreCLR_Release|Any CPU
		{0EBECDA4-28C5-40FC-9CC9-93C3567219EC}.CoreCLR_Release|Windows.Deploy.0 = CoreCLR_Release|Any CPU
		{0EBECDA4-28C5-40FC-9CC9-93C3567219EC}.Debug|Any CPU.ActiveCfg = Debug|Any CPU
		{0EBECDA4-28C5-40FC-9CC9-93C3567219EC}.Debug|Any CPU.Build.0 = Debug|Any CPU
		{0EBECDA4-28C5-40FC-9CC9-93C3567219EC}.Debug|Any CPU.Deploy.0 = Debug|Any CPU
		{0EBECDA4-28C5-40FC-9CC9-93C3567219EC}.Debug|Mixed Platforms.ActiveCfg = Debug|Any CPU
		{0EBECDA4-28C5-40FC-9CC9-93C3567219EC}.Debug|Mixed Platforms.Build.0 = Debug|Any CPU
		{0EBECDA4-28C5-40FC-9CC9-93C3567219EC}.Debug|Mixed Platforms.Deploy.0 = Debug|Any CPU
		{0EBECDA4-28C5-40FC-9CC9-93C3567219EC}.Debug|Windows.ActiveCfg = Debug|Any CPU
		{0EBECDA4-28C5-40FC-9CC9-93C3567219EC}.Debug|Windows.Build.0 = Debug|Any CPU
		{0EBECDA4-28C5-40FC-9CC9-93C3567219EC}.Debug|Windows.Deploy.0 = Debug|Any CPU
		{0EBECDA4-28C5-40FC-9CC9-93C3567219EC}.Release|Any CPU.ActiveCfg = Release|Any CPU
		{0EBECDA4-28C5-40FC-9CC9-93C3567219EC}.Release|Any CPU.Build.0 = Release|Any CPU
		{0EBECDA4-28C5-40FC-9CC9-93C3567219EC}.Release|Any CPU.Deploy.0 = Release|Any CPU
		{0EBECDA4-28C5-40FC-9CC9-93C3567219EC}.Release|Mixed Platforms.ActiveCfg = Release|Any CPU
		{0EBECDA4-28C5-40FC-9CC9-93C3567219EC}.Release|Mixed Platforms.Build.0 = Release|Any CPU
		{0EBECDA4-28C5-40FC-9CC9-93C3567219EC}.Release|Mixed Platforms.Deploy.0 = Release|Any CPU
		{0EBECDA4-28C5-40FC-9CC9-93C3567219EC}.Release|Windows.ActiveCfg = Release|Any CPU
		{0EBECDA4-28C5-40FC-9CC9-93C3567219EC}.Release|Windows.Build.0 = Release|Any CPU
		{0EBECDA4-28C5-40FC-9CC9-93C3567219EC}.Release|Windows.Deploy.0 = Release|Any CPU
		{0EBECDA4-28C5-40FC-9CC9-93C3567219EC}.Testing|Any CPU.ActiveCfg = Testing|Any CPU
		{0EBECDA4-28C5-40FC-9CC9-93C3567219EC}.Testing|Any CPU.Build.0 = Testing|Any CPU
		{0EBECDA4-28C5-40FC-9CC9-93C3567219EC}.Testing|Any CPU.Deploy.0 = Testing|Any CPU
		{0EBECDA4-28C5-40FC-9CC9-93C3567219EC}.Testing|Mixed Platforms.ActiveCfg = Testing|Any CPU
		{0EBECDA4-28C5-40FC-9CC9-93C3567219EC}.Testing|Mixed Platforms.Build.0 = Testing|Any CPU
		{0EBECDA4-28C5-40FC-9CC9-93C3567219EC}.Testing|Mixed Platforms.Deploy.0 = Testing|Any CPU
		{0EBECDA4-28C5-40FC-9CC9-93C3567219EC}.Testing|Windows.ActiveCfg = Testing|Any CPU
		{0EBECDA4-28C5-40FC-9CC9-93C3567219EC}.Testing|Windows.Build.0 = Testing|Any CPU
		{0EBECDA4-28C5-40FC-9CC9-93C3567219EC}.Testing|Windows.Deploy.0 = Testing|Any CPU
		{BD367729-7FE9-42D8-84D9-E980BAFD6374}.AppStore|Any CPU.ActiveCfg = AppStore|Any CPU
		{BD367729-7FE9-42D8-84D9-E980BAFD6374}.AppStore|Any CPU.Build.0 = AppStore|Any CPU
		{BD367729-7FE9-42D8-84D9-E980BAFD6374}.AppStore|Mixed Platforms.ActiveCfg = AppStore|Any CPU
		{BD367729-7FE9-42D8-84D9-E980BAFD6374}.AppStore|Mixed Platforms.Build.0 = AppStore|Any CPU
		{BD367729-7FE9-42D8-84D9-E980BAFD6374}.AppStore|Windows.ActiveCfg = AppStore|Any CPU
		{BD367729-7FE9-42D8-84D9-E980BAFD6374}.AppStore|Windows.Build.0 = AppStore|Any CPU
		{BD367729-7FE9-42D8-84D9-E980BAFD6374}.CoreCLR_Debug|Any CPU.ActiveCfg = CoreCLR_Debug|Any CPU
		{BD367729-7FE9-42D8-84D9-E980BAFD6374}.CoreCLR_Debug|Any CPU.Build.0 = CoreCLR_Debug|Any CPU
		{BD367729-7FE9-42D8-84D9-E980BAFD6374}.CoreCLR_Debug|Mixed Platforms.ActiveCfg = CoreCLR_Debug|Any CPU
		{BD367729-7FE9-42D8-84D9-E980BAFD6374}.CoreCLR_Debug|Mixed Platforms.Build.0 = CoreCLR_Debug|Any CPU
		{BD367729-7FE9-42D8-84D9-E980BAFD6374}.CoreCLR_Debug|Windows.ActiveCfg = CoreCLR_Debug|Any CPU
		{BD367729-7FE9-42D8-84D9-E980BAFD6374}.CoreCLR_Debug|Windows.Build.0 = CoreCLR_Debug|Any CPU
		{BD367729-7FE9-42D8-84D9-E980BAFD6374}.CoreCLR_Release|Any CPU.ActiveCfg = CoreCLR_Release|Any CPU
		{BD367729-7FE9-42D8-84D9-E980BAFD6374}.CoreCLR_Release|Any CPU.Build.0 = CoreCLR_Release|Any CPU
		{BD367729-7FE9-42D8-84D9-E980BAFD6374}.CoreCLR_Release|Mixed Platforms.ActiveCfg = CoreCLR_Release|Any CPU
		{BD367729-7FE9-42D8-84D9-E980BAFD6374}.CoreCLR_Release|Mixed Platforms.Build.0 = CoreCLR_Release|Any CPU
		{BD367729-7FE9-42D8-84D9-E980BAFD6374}.CoreCLR_Release|Windows.ActiveCfg = CoreCLR_Release|Any CPU
		{BD367729-7FE9-42D8-84D9-E980BAFD6374}.CoreCLR_Release|Windows.Build.0 = CoreCLR_Release|Any CPU
		{BD367729-7FE9-42D8-84D9-E980BAFD6374}.Debug|Any CPU.ActiveCfg = Debug|Any CPU
		{BD367729-7FE9-42D8-84D9-E980BAFD6374}.Debug|Any CPU.Build.0 = Debug|Any CPU
		{BD367729-7FE9-42D8-84D9-E980BAFD6374}.Debug|Mixed Platforms.ActiveCfg = Debug|Any CPU
		{BD367729-7FE9-42D8-84D9-E980BAFD6374}.Debug|Mixed Platforms.Build.0 = Debug|Any CPU
		{BD367729-7FE9-42D8-84D9-E980BAFD6374}.Debug|Windows.ActiveCfg = Debug|Any CPU
		{BD367729-7FE9-42D8-84D9-E980BAFD6374}.Debug|Windows.Build.0 = Debug|Any CPU
		{BD367729-7FE9-42D8-84D9-E980BAFD6374}.Release|Any CPU.ActiveCfg = Release|Any CPU
		{BD367729-7FE9-42D8-84D9-E980BAFD6374}.Release|Any CPU.Build.0 = Release|Any CPU
		{BD367729-7FE9-42D8-84D9-E980BAFD6374}.Release|Mixed Platforms.ActiveCfg = Release|Any CPU
		{BD367729-7FE9-42D8-84D9-E980BAFD6374}.Release|Mixed Platforms.Build.0 = Release|Any CPU
		{BD367729-7FE9-42D8-84D9-E980BAFD6374}.Release|Windows.ActiveCfg = Release|Any CPU
		{BD367729-7FE9-42D8-84D9-E980BAFD6374}.Release|Windows.Build.0 = Release|Any CPU
		{BD367729-7FE9-42D8-84D9-E980BAFD6374}.Testing|Any CPU.ActiveCfg = Testing|Any CPU
		{BD367729-7FE9-42D8-84D9-E980BAFD6374}.Testing|Any CPU.Build.0 = Testing|Any CPU
		{BD367729-7FE9-42D8-84D9-E980BAFD6374}.Testing|Mixed Platforms.ActiveCfg = Testing|Any CPU
		{BD367729-7FE9-42D8-84D9-E980BAFD6374}.Testing|Mixed Platforms.Build.0 = Testing|Any CPU
		{BD367729-7FE9-42D8-84D9-E980BAFD6374}.Testing|Windows.ActiveCfg = Testing|Any CPU
		{BD367729-7FE9-42D8-84D9-E980BAFD6374}.Testing|Windows.Build.0 = Testing|Any CPU
		{32AE5BF6-59F6-454F-93F5-57F60F194971}.AppStore|Any CPU.ActiveCfg = AppStore|Any CPU
		{32AE5BF6-59F6-454F-93F5-57F60F194971}.AppStore|Any CPU.Build.0 = AppStore|Any CPU
		{32AE5BF6-59F6-454F-93F5-57F60F194971}.AppStore|Mixed Platforms.ActiveCfg = AppStore|Any CPU
		{32AE5BF6-59F6-454F-93F5-57F60F194971}.AppStore|Mixed Platforms.Build.0 = AppStore|Any CPU
		{32AE5BF6-59F6-454F-93F5-57F60F194971}.AppStore|Windows.ActiveCfg = AppStore|Any CPU
		{32AE5BF6-59F6-454F-93F5-57F60F194971}.AppStore|Windows.Build.0 = AppStore|Any CPU
		{32AE5BF6-59F6-454F-93F5-57F60F194971}.CoreCLR_Debug|Any CPU.ActiveCfg = CoreCLR_Debug|Any CPU
		{32AE5BF6-59F6-454F-93F5-57F60F194971}.CoreCLR_Debug|Any CPU.Build.0 = CoreCLR_Debug|Any CPU
		{32AE5BF6-59F6-454F-93F5-57F60F194971}.CoreCLR_Debug|Mixed Platforms.ActiveCfg = CoreCLR_Debug|Any CPU
		{32AE5BF6-59F6-454F-93F5-57F60F194971}.CoreCLR_Debug|Mixed Platforms.Build.0 = CoreCLR_Debug|Any CPU
		{32AE5BF6-59F6-454F-93F5-57F60F194971}.CoreCLR_Debug|Windows.ActiveCfg = CoreCLR_Debug|Any CPU
		{32AE5BF6-59F6-454F-93F5-57F60F194971}.CoreCLR_Debug|Windows.Build.0 = CoreCLR_Debug|Any CPU
		{32AE5BF6-59F6-454F-93F5-57F60F194971}.CoreCLR_Release|Any CPU.ActiveCfg = CoreCLR_Release|Any CPU
		{32AE5BF6-59F6-454F-93F5-57F60F194971}.CoreCLR_Release|Any CPU.Build.0 = CoreCLR_Release|Any CPU
		{32AE5BF6-59F6-454F-93F5-57F60F194971}.CoreCLR_Release|Mixed Platforms.ActiveCfg = CoreCLR_Release|Any CPU
		{32AE5BF6-59F6-454F-93F5-57F60F194971}.CoreCLR_Release|Mixed Platforms.Build.0 = CoreCLR_Release|Any CPU
		{32AE5BF6-59F6-454F-93F5-57F60F194971}.CoreCLR_Release|Windows.ActiveCfg = CoreCLR_Release|Any CPU
		{32AE5BF6-59F6-454F-93F5-57F60F194971}.CoreCLR_Release|Windows.Build.0 = CoreCLR_Release|Any CPU
		{32AE5BF6-59F6-454F-93F5-57F60F194971}.Debug|Any CPU.ActiveCfg = Debug|Any CPU
		{32AE5BF6-59F6-454F-93F5-57F60F194971}.Debug|Any CPU.Build.0 = Debug|Any CPU
		{32AE5BF6-59F6-454F-93F5-57F60F194971}.Debug|Mixed Platforms.ActiveCfg = Debug|Any CPU
		{32AE5BF6-59F6-454F-93F5-57F60F194971}.Debug|Mixed Platforms.Build.0 = Debug|Any CPU
		{32AE5BF6-59F6-454F-93F5-57F60F194971}.Debug|Windows.ActiveCfg = Debug|Any CPU
		{32AE5BF6-59F6-454F-93F5-57F60F194971}.Debug|Windows.Build.0 = Debug|Any CPU
		{32AE5BF6-59F6-454F-93F5-57F60F194971}.Release|Any CPU.ActiveCfg = Release|Any CPU
		{32AE5BF6-59F6-454F-93F5-57F60F194971}.Release|Any CPU.Build.0 = Release|Any CPU
		{32AE5BF6-59F6-454F-93F5-57F60F194971}.Release|Mixed Platforms.ActiveCfg = Release|Any CPU
		{32AE5BF6-59F6-454F-93F5-57F60F194971}.Release|Mixed Platforms.Build.0 = Release|Any CPU
		{32AE5BF6-59F6-454F-93F5-57F60F194971}.Release|Windows.ActiveCfg = Release|Any CPU
		{32AE5BF6-59F6-454F-93F5-57F60F194971}.Release|Windows.Build.0 = Release|Any CPU
		{32AE5BF6-59F6-454F-93F5-57F60F194971}.Testing|Any CPU.ActiveCfg = Testing|Any CPU
		{32AE5BF6-59F6-454F-93F5-57F60F194971}.Testing|Any CPU.Build.0 = Testing|Any CPU
		{32AE5BF6-59F6-454F-93F5-57F60F194971}.Testing|Mixed Platforms.ActiveCfg = Testing|Any CPU
		{32AE5BF6-59F6-454F-93F5-57F60F194971}.Testing|Mixed Platforms.Build.0 = Testing|Any CPU
		{32AE5BF6-59F6-454F-93F5-57F60F194971}.Testing|Windows.ActiveCfg = Testing|Any CPU
		{32AE5BF6-59F6-454F-93F5-57F60F194971}.Testing|Windows.Build.0 = Testing|Any CPU
	EndGlobalSection
	GlobalSection(SolutionProperties) = preSolution
		HideSolutionNode = FALSE
	EndGlobalSection
	GlobalSection(NestedProjects) = preSolution
		{0EBECDA4-28C5-40FC-9CC9-93C3567219EC} = {5E5453C9-C69B-469F-8A98-222C5417D11C}
		{BD367729-7FE9-42D8-84D9-E980BAFD6374} = {5E5453C9-C69B-469F-8A98-222C5417D11C}
	EndGlobalSection
	GlobalSection(ExtensibilityGlobals) = postSolution
		SolutionGuid = {BFBFE38A-130C-4C3B-AF00-3D92A9F96EB5}
	EndGlobalSection
EndGlobal
