Microsoft Visual Studio Solution File, Format Version 12.00
# Visual Studio 15
VisualStudioVersion = 15.0.26730.16
MinimumVisualStudioVersion = 14.0.23107.0
Project("{2150E333-8FDC-42A3-9474-1A3956D46DE8}") = "XenkoToolkit.Demo", "XenkoToolkit.Demo", "{988B3698-C532-41B2-B674-906F268B6391}"
	ProjectSection(XenkoPackage) = preProject
		XenkoToolkit.Demo/XenkoToolkit.xkpkg = XenkoToolkit.Demo/XenkoToolkit.xkpkg
	EndProjectSection
EndProject
Project("{9A19103F-16F7-4668-BE54-9A1E7A4F7556}") = "XenkoToolkit.Demo.Windows", "XenkoToolkit.Demo\XenkoToolkit.Demo.Windows\XenkoToolkit.Demo.Windows.csproj", "{648FECCC-8723-4379-9DE5-EFC1324C3C6B}"
EndProject
Project("{9A19103F-16F7-4668-BE54-9A1E7A4F7556}") = "XenkoToolkit.Demo.Game", "XenkoToolkit.Demo\XenkoToolkit.Demo.Game\XenkoToolkit.Demo.Game.csproj", "{325E363F-0AA3-4866-BF26-9D1D415BFA86}"
EndProject
Project("{9A19103F-16F7-4668-BE54-9A1E7A4F7556}") = "XenkoToolkit", "XenkoToolkit\XenkoToolkit.csproj", "{880F8E4D-403A-4039-9797-F0A271993223}"
EndProject
Project("{2150E333-8FDC-42A3-9474-1A3956D46DE8}") = "Documentation", "Documentation", "{44F27A80-2ED0-42BB-9FCC-2D676BADE118}"
	ProjectSection(SolutionItems) = preProject
		..\LICENSE.txt = ..\LICENSE.txt
		..\README.MD = ..\README.MD
	EndProjectSection
EndProject
Project("{2150E333-8FDC-42A3-9474-1A3956D46DE8}") = "Wiki", "Wiki", "{CD549A1A-0460-4431-845F-81492FDCA8CE}"
	ProjectSection(SolutionItems) = preProject
		..\Documentation\Wiki\Examples.md = ..\Documentation\Wiki\Examples.md
	EndProjectSection
EndProject
Project("{2150E333-8FDC-42A3-9474-1A3956D46DE8}") = "Build", "Build", "{E84C40F5-9874-4DA8-AEA0-F86A038C998B}"
	ProjectSection(SolutionItems) = preProject
		..\Build\PackageAssemblyVersion.props = ..\Build\PackageAssemblyVersion.props
	EndProjectSection
EndProject
Global
	GlobalSection(SolutionConfigurationPlatforms) = preSolution
		AppStore|Any CPU = AppStore|Any CPU
		AppStore|Mixed Platforms = AppStore|Mixed Platforms
		AppStore|Windows = AppStore|Windows
		Debug|Any CPU = Debug|Any CPU
		Debug|Mixed Platforms = Debug|Mixed Platforms
		Debug|Windows = Debug|Windows
		Release|Any CPU = Release|Any CPU
		Release|Mixed Platforms = Release|Mixed Platforms
		Release|Windows = Release|Windows
		Testing|Any CPU = Testing|Any CPU
		Testing|Mixed Platforms = Testing|Mixed Platforms
		Testing|Windows = Testing|Windows
	EndGlobalSection
	GlobalSection(ProjectConfigurationPlatforms) = postSolution
		{648FECCC-8723-4379-9DE5-EFC1324C3C6B}.AppStore|Any CPU.ActiveCfg = Release|Any CPU
		{648FECCC-8723-4379-9DE5-EFC1324C3C6B}.AppStore|Any CPU.Build.0 = Release|Any CPU
		{648FECCC-8723-4379-9DE5-EFC1324C3C6B}.AppStore|Mixed Platforms.ActiveCfg = Release|Any CPU
		{648FECCC-8723-4379-9DE5-EFC1324C3C6B}.AppStore|Mixed Platforms.Build.0 = Release|Any CPU
		{648FECCC-8723-4379-9DE5-EFC1324C3C6B}.AppStore|Windows.ActiveCfg = Release|Any CPU
		{648FECCC-8723-4379-9DE5-EFC1324C3C6B}.AppStore|Windows.Build.0 = Release|Any CPU
		{648FECCC-8723-4379-9DE5-EFC1324C3C6B}.Debug|Any CPU.ActiveCfg = Debug|Any CPU
		{648FECCC-8723-4379-9DE5-EFC1324C3C6B}.Debug|Any CPU.Build.0 = Debug|Any CPU
		{648FECCC-8723-4379-9DE5-EFC1324C3C6B}.Debug|Any CPU.Deploy.0 = Debug|Any CPU
		{648FECCC-8723-4379-9DE5-EFC1324C3C6B}.Debug|Mixed Platforms.ActiveCfg = Debug|Any CPU
		{648FECCC-8723-4379-9DE5-EFC1324C3C6B}.Debug|Mixed Platforms.Build.0 = Debug|Any CPU
		{648FECCC-8723-4379-9DE5-EFC1324C3C6B}.Debug|Mixed Platforms.Deploy.0 = Debug|Any CPU
		{648FECCC-8723-4379-9DE5-EFC1324C3C6B}.Debug|Windows.ActiveCfg = Debug|Any CPU
		{648FECCC-8723-4379-9DE5-EFC1324C3C6B}.Debug|Windows.Build.0 = Debug|Any CPU
		{648FECCC-8723-4379-9DE5-EFC1324C3C6B}.Debug|Windows.Deploy.0 = Debug|Any CPU
		{648FECCC-8723-4379-9DE5-EFC1324C3C6B}.Release|Any CPU.ActiveCfg = Release|Any CPU
		{648FECCC-8723-4379-9DE5-EFC1324C3C6B}.Release|Any CPU.Build.0 = Release|Any CPU
		{648FECCC-8723-4379-9DE5-EFC1324C3C6B}.Release|Any CPU.Deploy.0 = Release|Any CPU
		{648FECCC-8723-4379-9DE5-EFC1324C3C6B}.Release|Mixed Platforms.ActiveCfg = Release|Any CPU
		{648FECCC-8723-4379-9DE5-EFC1324C3C6B}.Release|Mixed Platforms.Build.0 = Release|Any CPU
		{648FECCC-8723-4379-9DE5-EFC1324C3C6B}.Release|Mixed Platforms.Deploy.0 = Release|Any CPU
		{648FECCC-8723-4379-9DE5-EFC1324C3C6B}.Release|Windows.ActiveCfg = Release|Any CPU
		{648FECCC-8723-4379-9DE5-EFC1324C3C6B}.Release|Windows.Build.0 = Release|Any CPU
		{648FECCC-8723-4379-9DE5-EFC1324C3C6B}.Release|Windows.Deploy.0 = Release|Any CPU
		{648FECCC-8723-4379-9DE5-EFC1324C3C6B}.Testing|Any CPU.ActiveCfg = Release|Any CPU
		{648FECCC-8723-4379-9DE5-EFC1324C3C6B}.Testing|Any CPU.Build.0 = Release|Any CPU
		{648FECCC-8723-4379-9DE5-EFC1324C3C6B}.Testing|Mixed Platforms.ActiveCfg = Release|Any CPU
		{648FECCC-8723-4379-9DE5-EFC1324C3C6B}.Testing|Mixed Platforms.Build.0 = Release|Any CPU
		{648FECCC-8723-4379-9DE5-EFC1324C3C6B}.Testing|Windows.ActiveCfg = Release|Any CPU
		{648FECCC-8723-4379-9DE5-EFC1324C3C6B}.Testing|Windows.Build.0 = Release|Any CPU
		{325E363F-0AA3-4866-BF26-9D1D415BFA86}.AppStore|Any CPU.ActiveCfg = Release|Any CPU
		{325E363F-0AA3-4866-BF26-9D1D415BFA86}.AppStore|Any CPU.Build.0 = Release|Any CPU
		{325E363F-0AA3-4866-BF26-9D1D415BFA86}.AppStore|Mixed Platforms.ActiveCfg = Release|Any CPU
		{325E363F-0AA3-4866-BF26-9D1D415BFA86}.AppStore|Mixed Platforms.Build.0 = Release|Any CPU
		{325E363F-0AA3-4866-BF26-9D1D415BFA86}.AppStore|Windows.ActiveCfg = Release|Any CPU
		{325E363F-0AA3-4866-BF26-9D1D415BFA86}.AppStore|Windows.Build.0 = Release|Any CPU
		{325E363F-0AA3-4866-BF26-9D1D415BFA86}.Debug|Any CPU.ActiveCfg = Debug|Any CPU
		{325E363F-0AA3-4866-BF26-9D1D415BFA86}.Debug|Any CPU.Build.0 = Debug|Any CPU
		{325E363F-0AA3-4866-BF26-9D1D415BFA86}.Debug|Mixed Platforms.ActiveCfg = Debug|Any CPU
		{325E363F-0AA3-4866-BF26-9D1D415BFA86}.Debug|Mixed Platforms.Build.0 = Debug|Any CPU
		{325E363F-0AA3-4866-BF26-9D1D415BFA86}.Debug|Windows.ActiveCfg = Debug|Any CPU
		{325E363F-0AA3-4866-BF26-9D1D415BFA86}.Debug|Windows.Build.0 = Debug|Any CPU
		{325E363F-0AA3-4866-BF26-9D1D415BFA86}.Release|Any CPU.ActiveCfg = Release|Any CPU
		{325E363F-0AA3-4866-BF26-9D1D415BFA86}.Release|Any CPU.Build.0 = Release|Any CPU
		{325E363F-0AA3-4866-BF26-9D1D415BFA86}.Release|Mixed Platforms.ActiveCfg = Release|Any CPU
		{325E363F-0AA3-4866-BF26-9D1D415BFA86}.Release|Mixed Platforms.Build.0 = Release|Any CPU
		{325E363F-0AA3-4866-BF26-9D1D415BFA86}.Release|Windows.ActiveCfg = Release|Any CPU
		{325E363F-0AA3-4866-BF26-9D1D415BFA86}.Release|Windows.Build.0 = Release|Any CPU
		{325E363F-0AA3-4866-BF26-9D1D415BFA86}.Testing|Any CPU.ActiveCfg = Release|Any CPU
		{325E363F-0AA3-4866-BF26-9D1D415BFA86}.Testing|Any CPU.Build.0 = Release|Any CPU
		{325E363F-0AA3-4866-BF26-9D1D415BFA86}.Testing|Mixed Platforms.ActiveCfg = Release|Any CPU
		{325E363F-0AA3-4866-BF26-9D1D415BFA86}.Testing|Mixed Platforms.Build.0 = Release|Any CPU
		{325E363F-0AA3-4866-BF26-9D1D415BFA86}.Testing|Windows.ActiveCfg = Release|Any CPU
		{325E363F-0AA3-4866-BF26-9D1D415BFA86}.Testing|Windows.Build.0 = Release|Any CPU
		{880F8E4D-403A-4039-9797-F0A271993223}.AppStore|Any CPU.ActiveCfg = Release|Any CPU
		{880F8E4D-403A-4039-9797-F0A271993223}.AppStore|Any CPU.Build.0 = Release|Any CPU
		{880F8E4D-403A-4039-9797-F0A271993223}.AppStore|Mixed Platforms.ActiveCfg = Release|Any CPU
		{880F8E4D-403A-4039-9797-F0A271993223}.AppStore|Mixed Platforms.Build.0 = Release|Any CPU
		{880F8E4D-403A-4039-9797-F0A271993223}.AppStore|Windows.ActiveCfg = Release|Any CPU
		{880F8E4D-403A-4039-9797-F0A271993223}.AppStore|Windows.Build.0 = Release|Any CPU
		{880F8E4D-403A-4039-9797-F0A271993223}.Debug|Any CPU.ActiveCfg = Debug|Any CPU
		{880F8E4D-403A-4039-9797-F0A271993223}.Debug|Any CPU.Build.0 = Debug|Any CPU
		{880F8E4D-403A-4039-9797-F0A271993223}.Debug|Mixed Platforms.ActiveCfg = Debug|Any CPU
		{880F8E4D-403A-4039-9797-F0A271993223}.Debug|Mixed Platforms.Build.0 = Debug|Any CPU
		{880F8E4D-403A-4039-9797-F0A271993223}.Debug|Windows.ActiveCfg = Debug|Any CPU
		{880F8E4D-403A-4039-9797-F0A271993223}.Debug|Windows.Build.0 = Debug|Any CPU
		{880F8E4D-403A-4039-9797-F0A271993223}.Release|Any CPU.ActiveCfg = Release|Any CPU
		{880F8E4D-403A-4039-9797-F0A271993223}.Release|Any CPU.Build.0 = Release|Any CPU
		{880F8E4D-403A-4039-9797-F0A271993223}.Release|Mixed Platforms.ActiveCfg = Release|Any CPU
		{880F8E4D-403A-4039-9797-F0A271993223}.Release|Mixed Platforms.Build.0 = Release|Any CPU
		{880F8E4D-403A-4039-9797-F0A271993223}.Release|Windows.ActiveCfg = Release|Any CPU
		{880F8E4D-403A-4039-9797-F0A271993223}.Release|Windows.Build.0 = Release|Any CPU
		{880F8E4D-403A-4039-9797-F0A271993223}.Testing|Any CPU.ActiveCfg = Release|Any CPU
		{880F8E4D-403A-4039-9797-F0A271993223}.Testing|Any CPU.Build.0 = Release|Any CPU
		{880F8E4D-403A-4039-9797-F0A271993223}.Testing|Mixed Platforms.ActiveCfg = Release|Any CPU
		{880F8E4D-403A-4039-9797-F0A271993223}.Testing|Mixed Platforms.Build.0 = Release|Any CPU
		{880F8E4D-403A-4039-9797-F0A271993223}.Testing|Windows.ActiveCfg = Release|Any CPU
		{880F8E4D-403A-4039-9797-F0A271993223}.Testing|Windows.Build.0 = Release|Any CPU
	EndGlobalSection
	GlobalSection(SolutionProperties) = preSolution
		HideSolutionNode = FALSE
	EndGlobalSection
	GlobalSection(NestedProjects) = preSolution
		{648FECCC-8723-4379-9DE5-EFC1324C3C6B} = {988B3698-C532-41B2-B674-906F268B6391}
		{325E363F-0AA3-4866-BF26-9D1D415BFA86} = {988B3698-C532-41B2-B674-906F268B6391}
		{CD549A1A-0460-4431-845F-81492FDCA8CE} = {44F27A80-2ED0-42BB-9FCC-2D676BADE118}
	EndGlobalSection
	GlobalSection(ExtensibilityGlobals) = postSolution
		SolutionGuid = {682702E6-CB1C-4FCA-AB09-53C4D42B2FD8}
	EndGlobalSection
EndGlobal
